
Microsoft Visual Studio Solution File, Format Version 12.00
# Visual Studio 15
VisualStudioVersion = 15.0.27703.2042
MinimumVisualStudioVersion = 10.0.40219.1
Project("{FAE04EC0-301F-11D3-BF4B-00C04F79EFBC}") = "LAB2", "LAB2\LAB2.csproj", "{C9B93752-8410-42E1-861B-8883C10457FF}"
EndProject
Global
	GlobalSection(SolutionConfigurationPlatforms) = preSolution
		Debug|Any CPU = Debug|Any CPU
		Release|Any CPU = Release|Any CPU
	EndGlobalSection
	GlobalSection(ProjectConfigurationPlatforms) = postSolution
		{C9B93752-8410-42E1-861B-8883C10457FF}.Debug|Any CPU.ActiveCfg = Debug|Any CPU
		{C9B93752-8410-42E1-861B-8883C10457FF}.Debug|Any CPU.Build.0 = Debug|Any CPU
		{C9B93752-8410-42E1-861B-8883C10457FF}.Release|Any CPU.ActiveCfg = Release|Any CPU
		{C9B93752-8410-42E1-861B-8883C10457FF}.Release|Any CPU.Build.0 = Release|Any CPU
	EndGlobalSection
	GlobalSection(SolutionProperties) = preSolution
		HideSolutionNode = FALSE
	EndGlobalSection
	GlobalSection(ExtensibilityGlobals) = postSolution
		SolutionGuid = {A4FF6339-DC92-4C27-8A71-ED38CCD7355F}
	EndGlobalSection
EndGlobal
